{
  "name": "DigitalRestaurant",
  "lockfileVersion": 2,
  "requires": true,
  "packages": {
    "": {
      "dependencies": {
        "@fontsource/public-sans": "^5.2.6"
      }
    },
    "node_modules/@fontsource/public-sans": {
      "version": "5.2.6",
      "resolved": "https://registry.npmjs.org/@fontsource/public-sans/-/public-sans-5.2.6.tgz",
      "integrity": "sha512-/IcobGqED86QkmlHs8HE6bwx5rNNi7Rt6jKwUp49+TrVjYh+6pFwJnHSwcXhJUBrGRjUkZxgW0EvCakQlwJ5MA==",
      "funding": {
        "url": "https://github.com/sponsors/ayuhito"
      }
    }
  },
  "dependencies": {
    "@fontsource/public-sans": {
      "version": "5.2.6",
      "resolved": "https://registry.npmjs.org/@fontsource/public-sans/-/public-sans-5.2.6.tgz",
      "integrity": "sha512-/IcobGqED86QkmlHs8HE6bwx5rNNi7Rt6jKwUp49+TrVjYh+6pFwJnHSwcXhJUBrGRjUkZxgW0EvCakQlwJ5MA=="
    }
  }
}
